
Microsoft Visual Studio Solution File, Format Version 12.00
# Visual Studio Version 16
VisualStudioVersion = 16.0.31005.135
MinimumVisualStudioVersion = 10.0.40219.1
Project("{FAE04EC0-301F-11D3-BF4B-00C04F79EFBC}") = "BlazorBugTesting001.Server", "BlazorBugTesting001\Server\BlazorBugTesting001.Server.csproj", "{B72189FF-28D0-4296-BF61-B5E87ED7FF26}"
EndProject
Project("{FAE04EC0-301F-11D3-BF4B-00C04F79EFBC}") = "BlazorBugTesting001.Client", "BlazorBugTesting001\Client\BlazorBugTesting001.Client.csproj", "{874FF1F3-C8AF-4098-A51C-8C5C2A9FC787}"
EndProject
Project("{FAE04EC0-301F-11D3-BF4B-00C04F79EFBC}") = "BlazorBugTesting001.Shared", "BlazorBugTesting001\Shared\BlazorBugTesting001.Shared.csproj", "{D95B7299-0309-45CA-961C-B67684EEB60D}"
EndProject
Global
	GlobalSection(SolutionConfigurationPlatforms) = preSolution
		Debug|Any CPU = Debug|Any CPU
		Release|Any CPU = Release|Any CPU
	EndGlobalSection
	GlobalSection(ProjectConfigurationPlatforms) = postSolution
		{B72189FF-28D0-4296-BF61-B5E87ED7FF26}.Debug|Any CPU.ActiveCfg = Debug|Any CPU
		{B72189FF-28D0-4296-BF61-B5E87ED7FF26}.Debug|Any CPU.Build.0 = Debug|Any CPU
		{B72189FF-28D0-4296-BF61-B5E87ED7FF26}.Release|Any CPU.ActiveCfg = Release|Any CPU
		{B72189FF-28D0-4296-BF61-B5E87ED7FF26}.Release|Any CPU.Build.0 = Release|Any CPU
		{874FF1F3-C8AF-4098-A51C-8C5C2A9FC787}.Debug|Any CPU.ActiveCfg = Debug|Any CPU
		{874FF1F3-C8AF-4098-A51C-8C5C2A9FC787}.Debug|Any CPU.Build.0 = Debug|Any CPU
		{874FF1F3-C8AF-4098-A51C-8C5C2A9FC787}.Release|Any CPU.ActiveCfg = Release|Any CPU
		{874FF1F3-C8AF-4098-A51C-8C5C2A9FC787}.Release|Any CPU.Build.0 = Release|Any CPU
		{D95B7299-0309-45CA-961C-B67684EEB60D}.Debug|Any CPU.ActiveCfg = Debug|Any CPU
		{D95B7299-0309-45CA-961C-B67684EEB60D}.Debug|Any CPU.Build.0 = Debug|Any CPU
		{D95B7299-0309-45CA-961C-B67684EEB60D}.Release|Any CPU.ActiveCfg = Release|Any CPU
		{D95B7299-0309-45CA-961C-B67684EEB60D}.Release|Any CPU.Build.0 = Release|Any CPU
	EndGlobalSection
	GlobalSection(SolutionProperties) = preSolution
		HideSolutionNode = FALSE
	EndGlobalSection
	GlobalSection(ExtensibilityGlobals) = postSolution
		SolutionGuid = {C846152F-C0C5-44DB-A55B-424DED3CD834}
	EndGlobalSection
EndGlobal
